lockfileVersion: '9.0'

settings:
  autoInstallPeers: true
  excludeLinksFromLockfile: false

importers:

  .:
    dependencies:
      '@types/spotify-web-playback-sdk':
        specifier: ^0.1.19
        version: 0.1.19

packages:

  '@types/spotify-web-playback-sdk@0.1.19':
    resolution: {integrity: sha512-Is7x9gMIMoERxE0uvb2SPFQoy5OR7nO1B24CJiaDAUIdq195OLTQedN95XJQtxB2mfm+zi2j3LvEtpPdHKnB3w==}

snapshots:

  '@types/spotify-web-playback-sdk@0.1.19': {}
